<?xml version="1.0" encoding="utf-8"?>
<Project ToolsVersion="4.0" xmlns="http://schemas.microsoft.com/developer/msbuild/2003">
  <ItemGroup>
    <Filter Include="Source Files">
      <UniqueIdentifier>{4FC737F1-C7A5-4376-A066-2A32D752A2FF}</UniqueIdentifier>
      <Extensions>cpp;c;cc;cxx;c++;cppm;ixx;def;odl;idl;hpj;bat;asm;asmx</Extensions>
    </Filter>
    <Filter Include="Header Files">
      <UniqueIdentifier>{93995380-89BD-4b04-88EB-625FBE52EBFB}</UniqueIdentifier>
      <Extensions>h;hh;hpp;hxx;h++;hm;inl;inc;ipp;xsd</Extensions>
    </Filter>
    <Filter Include="Resource Files">
      <UniqueIdentifier>{67DA6AB6-F800-4c08-8B7A-83BB121AAD01}</UniqueIdentifier>
      <Extensions>rc;ico;cur;bmp;dlg;rc2;rct;bin;rgs;gif;jpg;jpeg;jpe;resx;tiff;tif;png;wav;mfcribbon-ms</Extensions>
    </Filter>
  </ItemGroup>
  <ItemGroup>
    <ClCompile Include="CppNotes.cpp">
      <Filter>Source Files</Filter>
    </ClCompile>
    <ClCompile Include="src\allocator.cpp">
      <Filter>Source Files</Filter>
    </ClCompile>
    <ClCompile Include="src\array_pointer.cpp">
      <Filter>Source Files</Filter>
    </ClCompile>
    <ClCompile Include="src\bitwise.cpp">
      <Filter>Source Files</Filter>
    </ClCompile>
    <ClCompile Include="src\c_str_can_change.cpp">
      <Filter>Source Files</Filter>
    </ClCompile>
    <ClCompile Include="src\comma.cpp">
      <Filter>Source Files</Filter>
    </ClCompile>
    <ClCompile Include="src\conditional_op_lvalue_rvalue.cpp">
      <Filter>Source Files</Filter>
    </ClCompile>
    <ClCompile Include="src\const_ref_to_promoted_tmp.cpp">
      <Filter>Source Files</Filter>
    </ClCompile>
    <ClCompile Include="src\ctor_inclass_default.cpp">
      <Filter>Source Files</Filter>
    </ClCompile>
    <ClCompile Include="src\default_value_init.cpp">
      <Filter>Source Files</Filter>
    </ClCompile>
    <ClCompile Include="src\deleted_members.cpp">
      <Filter>Source Files</Filter>
    </ClCompile>
    <ClCompile Include="src\dot_arrow_refness.cpp">
      <Filter>Source Files</Filter>
    </ClCompile>
    <ClCompile Include="src\exceptions.cpp">
      <Filter>Source Files</Filter>
    </ClCompile>
    <ClCompile Include="src\function_ptr.cpp">
      <Filter>Source Files</Filter>
    </ClCompile>
    <ClCompile Include="src\inclass_initializers_for_class_types.cpp">
      <Filter>Source Files</Filter>
    </ClCompile>
    <ClCompile Include="src\is_integral.cpp">
      <Filter>Source Files</Filter>
    </ClCompile>
    <ClCompile Include="src\lambda.cpp">
      <Filter>Source Files</Filter>
    </ClCompile>
    <ClCompile Include="src\literal_classes.cpp">
      <Filter>Source Files</Filter>
    </ClCompile>
    <ClCompile Include="src\map_pair_string.cpp">
      <Filter>Source Files</Filter>
    </ClCompile>
    <ClCompile Include="src\nontype_template_ref_or_ptr_params.cpp">
      <Filter>Source Files</Filter>
    </ClCompile>
    <ClCompile Include="src\only_ints_to_modulus.cpp">
      <Filter>Source Files</Filter>
    </ClCompile>
    <ClCompile Include="src\redefining_type_from_outer_scope.cpp">
      <Filter>Source Files</Filter>
    </ClCompile>
    <ClCompile Include="src\return_ptr_to_arr.cpp">
      <Filter>Source Files</Filter>
    </ClCompile>
    <ClCompile Include="src\return_to_local_static.cpp">
      <Filter>Source Files</Filter>
    </ClCompile>
    <ClCompile Include="src\StaticVector.cpp">
      <Filter>Source Files</Filter>
    </ClCompile>
    <ClCompile Include="src\template_using.cpp">
      <Filter>Source Files</Filter>
    </ClCompile>
    <ClCompile Include="src\TODO_dependent_names.cpp">
      <Filter>Source Files</Filter>
    </ClCompile>
    <ClCompile Include="src\top_level_const_auto.cpp">
      <Filter>Source Files</Filter>
    </ClCompile>
    <ClCompile Include="src\trivial_std_layout_pod_types.cpp">
      <Filter>Source Files</Filter>
    </ClCompile>
    <ClCompile Include="src\unary_plus_minus_to_pointer.cpp">
      <Filter>Source Files</Filter>
    </ClCompile>
  </ItemGroup>
</Project>