<?xml version="1.0" encoding="utf-8"?>
<Project ToolsVersion="4.0" xmlns="http://schemas.microsoft.com/developer/msbuild/2003">
  <ItemGroup>
    <ClCompile Include="..\..\src\io_library\buffer_management.h" />
    <ClCompile Include="..\..\src\io_library\condition_states.h" />
    <ClCompile Include="..\..\src\io_library\condition_states_examples.h" />
    <ClCompile Include="..\..\src\io_library\file_basics.h" />
    <ClCompile Include="..\..\src\io_library\file_modes.h" />
    <ClCompile Include="..\..\src\io_library\format_state_management.h" />
    <ClCompile Include="..\..\src\io_library\multibyte_io.h" />
    <ClCompile Include="..\..\src\io_library\output_buffer.h" />
    <ClCompile Include="..\..\src\io_library\random_access_to_stream.h" />
    <ClCompile Include="..\..\src\io_library\string_basics.h" />
    <ClCompile Include="..\..\src\io_library\tie_input_to_output.h" />
    <ClCompile Include="..\..\src\io_library\main.cpp" />
  </ItemGroup>
</Project>